// !$*UTF8*$!
{
	archiveVersion = 1;
	classes = {
	};
	objectVersion = 56;
	objects = {

/* Begin PBXBuildFile section */
		400FC97729A32E9A00083936 /* MoonShotAppApp.swift in Sources */ = {isa = PBXBuildFile; fileRef = 400FC97629A32E9A00083936 /* MoonShotAppApp.swift */; };
		400FC97929A32E9A00083936 /* ContentView.swift in Sources */ = {isa = PBXBuildFile; fileRef = 400FC97829A32E9A00083936 /* ContentView.swift */; };
		400FC97B29A32E9B00083936 /* Assets.xcassets in Resources */ = {isa = PBXBuildFile; fileRef = 400FC97A29A32E9B00083936 /* Assets.xcassets */; };
		400FC97E29A32E9B00083936 /* Preview Assets.xcassets in Resources */ = {isa = PBXBuildFile; fileRef = 400FC97D29A32E9B00083936 /* Preview Assets.xcassets */; };
		400FC98529A32EBF00083936 /* Astronaut.swift in Sources */ = {isa = PBXBuildFile; fileRef = 400FC98429A32EBF00083936 /* Astronaut.swift */; };
		400FC98729A32F0000083936 /* Bundle-Decodable.swift in Sources */ = {isa = PBXBuildFile; fileRef = 400FC98629A32F0000083936 /* Bundle-Decodable.swift */; };
		400FC98A29A3300A00083936 /* missions.json in Resources */ = {isa = PBXBuildFile; fileRef = 400FC98829A3300A00083936 /* missions.json */; };
		400FC98B29A3300A00083936 /* astronauts.json in Resources */ = {isa = PBXBuildFile; fileRef = 400FC98929A3300A00083936 /* astronauts.json */; };
		400FC9AF29A34FCE00083936 /* Mission.swift in Sources */ = {isa = PBXBuildFile; fileRef = 400FC9AE29A34FCE00083936 /* Mission.swift */; };
		400FC9D529A4215900083936 /* Color-Theme.swift in Sources */ = {isa = PBXBuildFile; fileRef = 400FC9D429A4215900083936 /* Color-Theme.swift */; };
		400FC9D929A4302F00083936 /* MissionView.swift in Sources */ = {isa = PBXBuildFile; fileRef = 400FC9D829A4302F00083936 /* MissionView.swift */; };
		400FC9DD29A440E500083936 /* AstronautView.swift in Sources */ = {isa = PBXBuildFile; fileRef = 400FC9DC29A440E500083936 /* AstronautView.swift */; };
/* End PBXBuildFile section */

/* Begin PBXFileReference section */
		400FC97329A32E9A00083936 /* MoonShotApp.app */ = {isa = PBXFileReference; explicitFileType = wrapper.application; includeInIndex = 0; path = MoonShotApp.app; sourceTree = BUILT_PRODUCTS_DIR; };
		400FC97629A32E9A00083936 /* MoonShotAppApp.swift */ = {isa = PBXFileReference; lastKnownFileType = sourcecode.swift; path = MoonShotAppApp.swift; sourceTree = "<group>"; };
		400FC97829A32E9A00083936 /* ContentView.swift */ = {isa = PBXFileReference; lastKnownFileType = sourcecode.swift; path = ContentView.swift; sourceTree = "<group>"; };
		400FC97A29A32E9B00083936 /* Assets.xcassets */ = {isa = PBXFileReference; lastKnownFileType = folder.assetcatalog; path = Assets.xcassets; sourceTree = "<group>"; };
		400FC97D29A32E9B00083936 /* Preview Assets.xcassets */ = {isa = PBXFileReference; lastKnownFileType = folder.assetcatalog; path = "Preview Assets.xcassets"; sourceTree = "<group>"; };
		400FC98429A32EBF00083936 /* Astronaut.swift */ = {isa = PBXFileReference; lastKnownFileType = sourcecode.swift; path = Astronaut.swift; sourceTree = "<group>"; };
		400FC98629A32F0000083936 /* Bundle-Decodable.swift */ = {isa = PBXFileReference; lastKnownFileType = sourcecode.swift; path = "Bundle-Decodable.swift"; sourceTree = "<group>"; };
		400FC98829A3300A00083936 /* missions.json */ = {isa = PBXFileReference; fileEncoding = 4; lastKnownFileType = text.json; path = missions.json; sourceTree = "<group>"; };
		400FC98929A3300A00083936 /* astronauts.json */ = {isa = PBXFileReference; fileEncoding = 4; lastKnownFileType = text.json; path = astronauts.json; sourceTree = "<group>"; };
		400FC9AE29A34FCE00083936 /* Mission.swift */ = {isa = PBXFileReference; lastKnownFileType = sourcecode.swift; path = Mission.swift; sourceTree = "<group>"; };
		400FC9D429A4215900083936 /* Color-Theme.swift */ = {isa = PBXFileReference; lastKnownFileType = sourcecode.swift; path = "Color-Theme.swift"; sourceTree = "<group>"; };
		400FC9D829A4302F00083936 /* MissionView.swift */ = {isa = PBXFileReference; lastKnownFileType = sourcecode.swift; path = MissionView.swift; sourceTree = "<group>"; };
		400FC9DC29A440E500083936 /* AstronautView.swift */ = {isa = PBXFileReference; lastKnownFileType = sourcecode.swift; path = AstronautView.swift; sourceTree = "<group>"; };
/* End PBXFileReference section */

/* Begin PBXFrameworksBuildPhase section */
		400FC97029A32E9A00083936 /* Frameworks */ = {
			isa = PBXFrameworksBuildPhase;
			buildActionMask = 2147483647;
			files = (
			);
			runOnlyForDeploymentPostprocessing = 0;
		};
/* End PBXFrameworksBuildPhase section */

/* Begin PBXGroup section */
		400FC96A29A32E9A00083936 = {
			isa = PBXGroup;
			children = (
				400FC97529A32E9A00083936 /* MoonShotApp */,
				400FC97429A32E9A00083936 /* Products */,
			);
			sourceTree = "<group>";
		};
		400FC97429A32E9A00083936 /* Products */ = {
			isa = PBXGroup;
			children = (
				400FC97329A32E9A00083936 /* MoonShotApp.app */,
			);
			name = Products;
			sourceTree = "<group>";
		};
		400FC97529A32E9A00083936 /* MoonShotApp */ = {
			isa = PBXGroup;
			children = (
				400FC97629A32E9A00083936 /* MoonShotAppApp.swift */,
				400FC97829A32E9A00083936 /* ContentView.swift */,
				400FC9D829A4302F00083936 /* MissionView.swift */,
				400FC9DC29A440E500083936 /* AstronautView.swift */,
				400FC9D429A4215900083936 /* Color-Theme.swift */,
				400FC9AE29A34FCE00083936 /* Mission.swift */,
				400FC98429A32EBF00083936 /* Astronaut.swift */,
				400FC98629A32F0000083936 /* Bundle-Decodable.swift */,
				400FC98929A3300A00083936 /* astronauts.json */,
				400FC98829A3300A00083936 /* missions.json */,
				400FC97A29A32E9B00083936 /* Assets.xcassets */,
				400FC97C29A32E9B00083936 /* Preview Content */,
			);
			path = MoonShotApp;
			sourceTree = "<group>";
		};
		400FC97C29A32E9B00083936 /* Preview Content */ = {
			isa = PBXGroup;
			children = (
				400FC97D29A32E9B00083936 /* Preview Assets.xcassets */,
			);
			path = "Preview Content";
			sourceTree = "<group>";
		};
/* End PBXGroup section */

/* Begin PBXNativeTarget section */
		400FC97229A32E9A00083936 /* MoonShotApp */ = {
			isa = PBXNativeTarget;
			buildConfigurationList = 400FC98129A32E9B00083936 /* Build configuration list for PBXNativeTarget "MoonShotApp" */;
			buildPhases = (
				400FC96F29A32E9A00083936 /* Sources */,
				400FC97029A32E9A00083936 /* Frameworks */,
				400FC97129A32E9A00083936 /* Resources */,
			);
			buildRules = (
			);
			dependencies = (
			);
			name = MoonShotApp;
			productName = MoonShotApp;
			productReference = 400FC97329A32E9A00083936 /* MoonShotApp.app */;
			productType = "com.apple.product-type.application";
		};
/* End PBXNativeTarget section */

/* Begin PBXProject section */
		400FC96B29A32E9A00083936 /* Project object */ = {
			isa = PBXProject;
			attributes = {
				BuildIndependentTargetsInParallel = 1;
				LastSwiftUpdateCheck = 1420;
				LastUpgradeCheck = 1420;
				TargetAttributes = {
					400FC97229A32E9A00083936 = {
						CreatedOnToolsVersion = 14.2;
					};
				};
			};
			buildConfigurationList = 400FC96E29A32E9A00083936 /* Build configuration list for PBXProject "MoonShotApp" */;
			compatibilityVersion = "Xcode 14.0";
			developmentRegion = en;
			hasScannedForEncodings = 0;
			knownRegions = (
				en,
				Base,
			);
			mainGroup = 400FC96A29A32E9A00083936;
			productRefGroup = 400FC97429A32E9A00083936 /* Products */;
			projectDirPath = "";
			projectRoot = "";
			targets = (
				400FC97229A32E9A00083936 /* MoonShotApp */,
			);
		};
/* End PBXProject section */

/* Begin PBXResourcesBuildPhase section */
		400FC97129A32E9A00083936 /* Resources */ = {
			isa = PBXResourcesBuildPhase;
			buildActionMask = 2147483647;
			files = (
				400FC97E29A32E9B00083936 /* Preview Assets.xcassets in Resources */,
				400FC98A29A3300A00083936 /* missions.json in Resources */,
				400FC97B29A32E9B00083936 /* Assets.xcassets in Resources */,
				400FC98B29A3300A00083936 /* astronauts.json in Resources */,
			);
			runOnlyForDeploymentPostprocessing = 0;
		};
/* End PBXResourcesBuildPhase section */

/* Begin PBXSourcesBuildPhase section */
		400FC96F29A32E9A00083936 /* Sources */ = {
			isa = PBXSourcesBuildPhase;
			buildActionMask = 2147483647;
			files = (
				400FC9D929A4302F00083936 /* MissionView.swift in Sources */,
				400FC98529A32EBF00083936 /* Astronaut.swift in Sources */,
				400FC9DD29A440E500083936 /* AstronautView.swift in Sources */,
				400FC9D529A4215900083936 /* Color-Theme.swift in Sources */,
				400FC97929A32E9A00083936 /* ContentView.swift in Sources */,
				400FC97729A32E9A00083936 /* MoonShotAppApp.swift in Sources */,
				400FC9AF29A34FCE00083936 /* Mission.swift in Sources */,
				400FC98729A32F0000083936 /* Bundle-Decodable.swift in Sources */,
			);
			runOnlyForDeploymentPostprocessing = 0;
		};
/* End PBXSourcesBuildPhase section */

/* Begin XCBuildConfiguration section */
		400FC97F29A32E9B00083936 /* Debug */ = {
			isa = XCBuildConfiguration;
			buildSettings = {
				ALWAYS_SEARCH_USER_PATHS = NO;
				CLANG_ANALYZER_NONNULL = YES;
				CLANG_ANALYZER_NUMBER_OBJECT_CONVERSION = YES_AGGRESSIVE;
				CLANG_CXX_LANGUAGE_STANDARD = "gnu++20";
				CLANG_ENABLE_MODULES = YES;
				CLANG_ENABLE_OBJC_ARC = YES;
				CLANG_ENABLE_OBJC_WEAK = YES;
				CLANG_WARN_BLOCK_CAPTURE_AUTORELEASING = YES;
				CLANG_WARN_BOOL_CONVERSION = YES;
				CLANG_WARN_COMMA = YES;
				CLANG_WARN_CONSTANT_CONVERSION = YES;
				CLANG_WARN_DEPRECATED_OBJC_IMPLEMENTATIONS = YES;
				CLANG_WARN_DIRECT_OBJC_ISA_USAGE = YES_ERROR;
				CLANG_WARN_DOCUMENTATION_COMMENTS = YES;
				CLANG_WARN_EMPTY_BODY = YES;
				CLANG_WARN_ENUM_CONVERSION = YES;
				CLANG_WARN_INFINITE_RECURSION = YES;
				CLANG_WARN_INT_CONVERSION = YES;
				CLANG_WARN_NON_LITERAL_NULL_CONVERSION = YES;
				CLANG_WARN_OBJC_IMPLICIT_RETAIN_SELF = YES;
				CLANG_WARN_OBJC_LITERAL_CONVERSION = YES;
				CLANG_WARN_OBJC_ROOT_CLASS = YES_ERROR;
				CLANG_WARN_QUOTED_INCLUDE_IN_FRAMEWORK_HEADER = YES;
				CLANG_WARN_RANGE_LOOP_ANALYSIS = YES;
				CLANG_WARN_STRICT_PROTOTYPES = YES;
				CLANG_WARN_SUSPICIOUS_MOVE = YES;
				CLANG_WARN_UNGUARDED_AVAILABILITY = YES_AGGRESSIVE;
				CLANG_WARN_UNREACHABLE_CODE = YES;
				CLANG_WARN__DUPLICATE_METHOD_MATCH = YES;
				COPY_PHASE_STRIP = NO;
				DEBUG_INFORMATION_FORMAT = dwarf;
				ENABLE_STRICT_OBJC_MSGSEND = YES;
				ENABLE_TESTABILITY = YES;
				GCC_C_LANGUAGE_STANDARD = gnu11;
				GCC_DYNAMIC_NO_PIC = NO;
				GCC_NO_COMMON_BLOCKS = YES;
				GCC_OPTIMIZATION_LEVEL = 0;
				GCC_PREPROCESSOR_DEFINITIONS = (
					"DEBUG=1",
					"$(inherited)",
				);
				GCC_WARN_64_TO_32_BIT_CONVERSION = YES;
				GCC_WARN_ABOUT_RETURN_TYPE = YES_ERROR;
				GCC_WARN_UNDECLARED_SELECTOR = YES;
				GCC_WARN_UNINITIALIZED_AUTOS = YES_AGGRESSIVE;
				GCC_WARN_UNUSED_FUNCTION = YES;
				GCC_WARN_UNUSED_VARIABLE = YES;
				IPHONEOS_DEPLOYMENT_TARGET = 16.2;
				MTL_ENABLE_DEBUG_INFO = INCLUDE_SOURCE;
				MTL_FAST_MATH = YES;
				ONLY_ACTIVE_ARCH = YES;
				SDKROOT = iphoneos;
				SWIFT_ACTIVE_COMPILATION_CONDITIONS = DEBUG;
				SWIFT_OPTIMIZATION_LEVEL = "-Onone";
			};
			name = Debug;
		};
		400FC98029A32E9B00083936 /* Release */ = {
			isa = XCBuildConfiguration;
			buildSettings = {
				ALWAYS_SEARCH_USER_PATHS = NO;
				CLANG_ANALYZER_NONNULL = YES;
				CLANG_ANALYZER_NUMBER_OBJECT_CONVERSION = YES_AGGRESSIVE;
				CLANG_CXX_LANGUAGE_STANDARD = "gnu++20";
				CLANG_ENABLE_MODULES = YES;
				CLANG_ENABLE_OBJC_ARC = YES;
				CLANG_ENABLE_OBJC_WEAK = YES;
				CLANG_WARN_BLOCK_CAPTURE_AUTORELEASING = YES;
				CLANG_WARN_BOOL_CONVERSION = YES;
				CLANG_WARN_COMMA = YES;
				CLANG_WARN_CONSTANT_CONVERSION = YES;
				CLANG_WARN_DEPRECATED_OBJC_IMPLEMENTATIONS = YES;
				CLANG_WARN_DIRECT_OBJC_ISA_USAGE = YES_ERROR;
				CLANG_WARN_DOCUMENTATION_COMMENTS = YES;
				CLANG_WARN_EMPTY_BODY = YES;
				CLANG_WARN_ENUM_CONVERSION = YES;
				CLANG_WARN_INFINITE_RECURSION = YES;
				CLANG_WARN_INT_CONVERSION = YES;
				CLANG_WARN_NON_LITERAL_NULL_CONVERSION = YES;
				CLANG_WARN_OBJC_IMPLICIT_RETAIN_SELF = YES;
				CLANG_WARN_OBJC_LITERAL_CONVERSION = YES;
				CLANG_WARN_OBJC_ROOT_CLASS = YES_ERROR;
				CLANG_WARN_QUOTED_INCLUDE_IN_FRAMEWORK_HEADER = YES;
				CLANG_WARN_RANGE_LOOP_ANALYSIS = YES;
				CLANG_WARN_STRICT_PROTOTYPES = YES;
				CLANG_WARN_SUSPICIOUS_MOVE = YES;
				CLANG_WARN_UNGUARDED_AVAILABILITY = YES_AGGRESSIVE;
				CLANG_WARN_UNREACHABLE_CODE = YES;
				CLANG_WARN__DUPLICATE_METHOD_MATCH = YES;
				COPY_PHASE_STRIP = NO;
				DEBUG_INFORMATION_FORMAT = "dwarf-with-dsym";
				ENABLE_NS_ASSERTIONS = NO;
				ENABLE_STRICT_OBJC_MSGSEND = YES;
				GCC_C_LANGUAGE_STANDARD = gnu11;
				GCC_NO_COMMON_BLOCKS = YES;
				GCC_WARN_64_TO_32_BIT_CONVERSION = YES;
				GCC_WARN_ABOUT_RETURN_TYPE = YES_ERROR;
				GCC_WARN_UNDECLARED_SELECTOR = YES;
				GCC_WARN_UNINITIALIZED_AUTOS = YES_AGGRESSIVE;
				GCC_WARN_UNUSED_FUNCTION = YES;
				GCC_WARN_UNUSED_VARIABLE = YES;
				IPHONEOS_DEPLOYMENT_TARGET = 16.2;
				MTL_ENABLE_DEBUG_INFO = NO;
				MTL_FAST_MATH = YES;
				SDKROOT = iphoneos;
				SWIFT_COMPILATION_MODE = wholemodule;
				SWIFT_OPTIMIZATION_LEVEL = "-O";
				VALIDATE_PRODUCT = YES;
			};
			name = Release;
		};
		400FC98229A32E9B00083936 /* Debug */ = {
			isa = XCBuildConfiguration;
			buildSettings = {
				ASSETCATALOG_COMPILER_APPICON_NAME = AppIcon;
				ASSETCATALOG_COMPILER_GLOBAL_ACCENT_COLOR_NAME = AccentColor;
				CODE_SIGN_STYLE = Automatic;
				CURRENT_PROJECT_VERSION = 1;
				DEVELOPMENT_ASSET_PATHS = "\"MoonShotApp/Preview Content\"";
				DEVELOPMENT_TEAM = 7BF453L282;
				ENABLE_PREVIEWS = YES;
				GENERATE_INFOPLIST_FILE = YES;
				INFOPLIST_KEY_UIApplicationSceneManifest_Generation = YES;
				INFOPLIST_KEY_UIApplicationSupportsIndirectInputEvents = YES;
				INFOPLIST_KEY_UILaunchScreen_Generation = YES;
				INFOPLIST_KEY_UISupportedInterfaceOrientations_iPad = "UIInterfaceOrientationPortrait UIInterfaceOrientationPortraitUpsideDown UIInterfaceOrientationLandscapeLeft UIInterfaceOrientationLandscapeRight";
				INFOPLIST_KEY_UISupportedInterfaceOrientations_iPhone = "UIInterfaceOrientationPortrait UIInterfaceOrientationLandscapeLeft UIInterfaceOrientationLandscapeRight";
				LD_RUNPATH_SEARCH_PATHS = (
					"$(inherited)",
					"@executable_path/Frameworks",
				);
				MARKETING_VERSION = 1.0;
				PRODUCT_BUNDLE_IDENTIFIER = freecode.pythonanywhere.www.MoonShotApp;
				PRODUCT_NAME = "$(TARGET_NAME)";
				SWIFT_EMIT_LOC_STRINGS = YES;
				SWIFT_VERSION = 5.0;
				TARGETED_DEVICE_FAMILY = "1,2";
			};
			name = Debug;
		};
		400FC98329A32E9B00083936 /* Release */ = {
			isa = XCBuildConfiguration;
			buildSettings = {
				ASSETCATALOG_COMPILER_APPICON_NAME = AppIcon;
				ASSETCATALOG_COMPILER_GLOBAL_ACCENT_COLOR_NAME = AccentColor;
				CODE_SIGN_STYLE = Automatic;
				CURRENT_PROJECT_VERSION = 1;
				DEVELOPMENT_ASSET_PATHS = "\"MoonShotApp/Preview Content\"";
				DEVELOPMENT_TEAM = 7BF453L282;
				ENABLE_PREVIEWS = YES;
				GENERATE_INFOPLIST_FILE = YES;
				INFOPLIST_KEY_UIApplicationSceneManifest_Generation = YES;
				INFOPLIST_KEY_UIApplicationSupportsIndirectInputEvents = YES;
				INFOPLIST_KEY_UILaunchScreen_Generation = YES;
				INFOPLIST_KEY_UISupportedInterfaceOrientations_iPad = "UIInterfaceOrientationPortrait UIInterfaceOrientationPortraitUpsideDown UIInterfaceOrientationLandscapeLeft UIInterfaceOrientationLandscapeRight";
				INFOPLIST_KEY_UISupportedInterfaceOrientations_iPhone = "UIInterfaceOrientationPortrait UIInterfaceOrientationLandscapeLeft UIInterfaceOrientationLandscapeRight";
				LD_RUNPATH_SEARCH_PATHS = (
					"$(inherited)",
					"@executable_path/Frameworks",
				);
				MARKETING_VERSION = 1.0;
				PRODUCT_BUNDLE_IDENTIFIER = freecode.pythonanywhere.www.MoonShotApp;
				PRODUCT_NAME = "$(TARGET_NAME)";
				SWIFT_EMIT_LOC_STRINGS = YES;
				SWIFT_VERSION = 5.0;
				TARGETED_DEVICE_FAMILY = "1,2";
			};
			name = Release;
		};
/* End XCBuildConfiguration section */

/* Begin XCConfigurationList section */
		400FC96E29A32E9A00083936 /* Build configuration list for PBXProject "MoonShotApp" */ = {
			isa = XCConfigurationList;
			buildConfigurations = (
				400FC97F29A32E9B00083936 /* Debug */,
				400FC98029A32E9B00083936 /* Release */,
			);
			defaultConfigurationIsVisible = 0;
			defaultConfigurationName = Release;
		};
		400FC98129A32E9B00083936 /* Build configuration list for PBXNativeTarget "MoonShotApp" */ = {
			isa = XCConfigurationList;
			buildConfigurations = (
				400FC98229A32E9B00083936 /* Debug */,
				400FC98329A32E9B00083936 /* Release */,
			);
			defaultConfigurationIsVisible = 0;
			defaultConfigurationName = Release;
		};
/* End XCConfigurationList section */
	};
	rootObject = 400FC96B29A32E9A00083936 /* Project object */;
}
